{
  "name": "automate-twitter-posts-with-ai",
  "version": "1.0.0",
  "lockfileVersion": 3,
  "requires": true,
  "packages": {
    "": {
      "name": "automate-twitter-posts-with-ai",
      "version": "1.0.0",
      "license": "ISC",
      "dependencies": {
        "@google/generative-ai": "^0.3.1",
        "twitter-api-v2": "^1.16.1"
      }
    },
    "node_modules/@google/generative-ai": {
      "version": "0.3.1",
      "resolved": "https://registry.npmjs.org/@google/generative-ai/-/generative-ai-0.3.1.tgz",
      "integrity": "sha512-Zh1EK5nCWqIhxPm3K1KOM2mOwwgBvp6lkze74yTj6+Zqibtf55Db1q87cbbzWZeET3ZbNgHMYjVf2JyMM6pI7A==",
      "license": "Apache-2.0",
      "engines": {
        "node": ">=18.0.0"
      }
    },
    "node_modules/twitter-api-v2": {
      "version": "1.24.0",
      "resolved": "https://registry.npmjs.org/twitter-api-v2/-/twitter-api-v2-1.24.0.tgz",
      "integrity": "sha512-RDEiuNwnFirvf4c5f1sysgg0rfMQgekXgKt+/UdbNu+Bs5bJ1VbXkqKzdd2a2lPMlDVDbdGUoe2pOd4n25fFVQ==",
      "license": "Apache-2.0"
    }
  }
}
